
Microsoft Visual Studio Solution File, Format Version 12.00
# Visual Studio 15
Project("{FAE04EC0-301F-11D3-BF4B-00C04F79EFBC}") = "Assembly-CSharp", "Assembly-CSharp.csproj", "{65CCA5E1-AA75-759D-DBC7-E33FFF2606C4}"
EndProject
Project("{FAE04EC0-301F-11D3-BF4B-00C04F79EFBC}") = "Assembly-CSharp-Editor", "Assembly-CSharp-Editor.csproj", "{59F6A5F4-D08D-D4F9-E48E-9D352601A8C0}"
EndProject
Global
	GlobalSection(SolutionConfigurationPlatforms) = preSolution
		Debug|Any CPU = Debug|Any CPU
		Release|Any CPU = Release|Any CPU
	EndGlobalSection
	GlobalSection(ProjectConfigurationPlatforms) = postSolution
		{65CCA5E1-AA75-759D-DBC7-E33FFF2606C4}.Debug|Any CPU.ActiveCfg = Debug|Any CPU
		{65CCA5E1-AA75-759D-DBC7-E33FFF2606C4}.Debug|Any CPU.Build.0 = Debug|Any CPU
		{65CCA5E1-AA75-759D-DBC7-E33FFF2606C4}.Release|Any CPU.ActiveCfg = Release|Any CPU
		{65CCA5E1-AA75-759D-DBC7-E33FFF2606C4}.Release|Any CPU.Build.0 = Release|Any CPU
		{59F6A5F4-D08D-D4F9-E48E-9D352601A8C0}.Debug|Any CPU.ActiveCfg = Debug|Any CPU
		{59F6A5F4-D08D-D4F9-E48E-9D352601A8C0}.Debug|Any CPU.Build.0 = Debug|Any CPU
		{59F6A5F4-D08D-D4F9-E48E-9D352601A8C0}.Release|Any CPU.ActiveCfg = Release|Any CPU
		{59F6A5F4-D08D-D4F9-E48E-9D352601A8C0}.Release|Any CPU.Build.0 = Release|Any CPU
	EndGlobalSection
	GlobalSection(SolutionProperties) = preSolution
		HideSolutionNode = FALSE
	EndGlobalSection
EndGlobal
